# This file is automatically @generated by Poetry 1.5.1 and should not be changed by hand.

[[package]]
name = "regexp"
version = "0.1"
description = "Python \"re\" shortcut library"
optional = false
python-versions = "*"
files = [
    {file = "regexp-0.1.tar.gz", hash = "sha256:14fed7ac5a190ae2313edfe28400fe7c98040f7b49ea4b8314c46f035842e9c8"},
]

[metadata]
lock-version = "2.0"
python-versions = "^3.9"
content-hash = "b84b43fca2cc4324efb6d85a373a46e9fa45df74f4339f036a78fac53893bb10"
